
Microsoft Visual Studio Solution File, Format Version 12.00
# Visual Studio Version 16
VisualStudioVersion = 16.0.31112.23
MinimumVisualStudioVersion = 10.0.40219.1
Project("{2150E333-8FDC-42A3-9474-1A3956D46DE8}") = "FinancasDesktop", "FinancasDesktop", "{F8B4CBB2-6F20-4AC6-853C-69775D8DAA79}"
EndProject
Project("{FAE04EC0-301F-11D3-BF4B-00C04F79EFBC}") = "FinancasDesktop", "FinancasDesktop\FinancasDesktop.csproj", "{9D87BC4F-C991-4038-A612-DB106C89861C}"
EndProject
Project("{2150E333-8FDC-42A3-9474-1A3956D46DE8}") = "DataGeneration", "DataGeneration", "{B803369F-628C-4B75-966A-FDC611B961E1}"
EndProject
Project("{FAE04EC0-301F-11D3-BF4B-00C04F79EFBC}") = "DataGeneration", "DataGeneration\DataGeneration\DataGeneration.csproj", "{91315924-F99F-4362-ADB1-14839F10A44C}"
EndProject
Project("{2150E333-8FDC-42A3-9474-1A3956D46DE8}") = "FinancasAPI", "FinancasAPI", "{64690B29-2FA3-457D-A9A7-7627D86D4EC8}"
EndProject
Project("{FAE04EC0-301F-11D3-BF4B-00C04F79EFBC}") = "FinancasAPI", "FinancasAPI\FinancasAPI\FinancasAPI.csproj", "{36D19F9C-892C-4E48-8035-BC18594C5DFC}"
EndProject
Project("{FAE04EC0-301F-11D3-BF4B-00C04F79EFBC}") = "FinancasAPI.Domain", "FinancasAPI\FinancasAPI.Domain\FinancasAPI.Domain.csproj", "{62B35C1C-28AA-4290-B5B9-4D17E1455A99}"
EndProject
Project("{9A19103F-16F7-4668-BE54-9A1E7A4F7556}") = "FinancasAPI.Infra", "FinancasAPI\FinancasAPI.Infra\FinancasAPI.Infra.csproj", "{43D9E163-25B0-43B5-8715-CBC30F7C090D}"
EndProject
Project("{FAE04EC0-301F-11D3-BF4B-00C04F79EFBC}") = "FinancasAPI.Application", "FinancasAPI\FinancasAPI.Application\FinancasAPI.Application.csproj", "{5E175F05-9D5B-47AD-BF92-2E0B6B456CEB}"
EndProject
Global
	GlobalSection(SolutionConfigurationPlatforms) = preSolution
		Debug|Any CPU = Debug|Any CPU
		Release|Any CPU = Release|Any CPU
	EndGlobalSection
	GlobalSection(ProjectConfigurationPlatforms) = postSolution
		{9D87BC4F-C991-4038-A612-DB106C89861C}.Debug|Any CPU.ActiveCfg = Debug|Any CPU
		{9D87BC4F-C991-4038-A612-DB106C89861C}.Debug|Any CPU.Build.0 = Debug|Any CPU
		{9D87BC4F-C991-4038-A612-DB106C89861C}.Release|Any CPU.ActiveCfg = Release|Any CPU
		{9D87BC4F-C991-4038-A612-DB106C89861C}.Release|Any CPU.Build.0 = Release|Any CPU
		{91315924-F99F-4362-ADB1-14839F10A44C}.Debug|Any CPU.ActiveCfg = Debug|Any CPU
		{91315924-F99F-4362-ADB1-14839F10A44C}.Debug|Any CPU.Build.0 = Debug|Any CPU
		{91315924-F99F-4362-ADB1-14839F10A44C}.Release|Any CPU.ActiveCfg = Release|Any CPU
		{91315924-F99F-4362-ADB1-14839F10A44C}.Release|Any CPU.Build.0 = Release|Any CPU
		{36D19F9C-892C-4E48-8035-BC18594C5DFC}.Debug|Any CPU.ActiveCfg = Debug|Any CPU
		{36D19F9C-892C-4E48-8035-BC18594C5DFC}.Debug|Any CPU.Build.0 = Debug|Any CPU
		{36D19F9C-892C-4E48-8035-BC18594C5DFC}.Release|Any CPU.ActiveCfg = Release|Any CPU
		{36D19F9C-892C-4E48-8035-BC18594C5DFC}.Release|Any CPU.Build.0 = Release|Any CPU
		{62B35C1C-28AA-4290-B5B9-4D17E1455A99}.Debug|Any CPU.ActiveCfg = Debug|Any CPU
		{62B35C1C-28AA-4290-B5B9-4D17E1455A99}.Debug|Any CPU.Build.0 = Debug|Any CPU
		{62B35C1C-28AA-4290-B5B9-4D17E1455A99}.Release|Any CPU.ActiveCfg = Release|Any CPU
		{62B35C1C-28AA-4290-B5B9-4D17E1455A99}.Release|Any CPU.Build.0 = Release|Any CPU
		{43D9E163-25B0-43B5-8715-CBC30F7C090D}.Debug|Any CPU.ActiveCfg = Debug|Any CPU
		{43D9E163-25B0-43B5-8715-CBC30F7C090D}.Debug|Any CPU.Build.0 = Debug|Any CPU
		{43D9E163-25B0-43B5-8715-CBC30F7C090D}.Release|Any CPU.ActiveCfg = Release|Any CPU
		{43D9E163-25B0-43B5-8715-CBC30F7C090D}.Release|Any CPU.Build.0 = Release|Any CPU
		{5E175F05-9D5B-47AD-BF92-2E0B6B456CEB}.Debug|Any CPU.ActiveCfg = Debug|Any CPU
		{5E175F05-9D5B-47AD-BF92-2E0B6B456CEB}.Debug|Any CPU.Build.0 = Debug|Any CPU
		{5E175F05-9D5B-47AD-BF92-2E0B6B456CEB}.Release|Any CPU.ActiveCfg = Release|Any CPU
		{5E175F05-9D5B-47AD-BF92-2E0B6B456CEB}.Release|Any CPU.Build.0 = Release|Any CPU
	EndGlobalSection
	GlobalSection(SolutionProperties) = preSolution
		HideSolutionNode = FALSE
	EndGlobalSection
	GlobalSection(NestedProjects) = preSolution
		{9D87BC4F-C991-4038-A612-DB106C89861C} = {F8B4CBB2-6F20-4AC6-853C-69775D8DAA79}
		{91315924-F99F-4362-ADB1-14839F10A44C} = {B803369F-628C-4B75-966A-FDC611B961E1}
		{36D19F9C-892C-4E48-8035-BC18594C5DFC} = {64690B29-2FA3-457D-A9A7-7627D86D4EC8}
		{62B35C1C-28AA-4290-B5B9-4D17E1455A99} = {64690B29-2FA3-457D-A9A7-7627D86D4EC8}
		{43D9E163-25B0-43B5-8715-CBC30F7C090D} = {64690B29-2FA3-457D-A9A7-7627D86D4EC8}
		{5E175F05-9D5B-47AD-BF92-2E0B6B456CEB} = {64690B29-2FA3-457D-A9A7-7627D86D4EC8}
	EndGlobalSection
	GlobalSection(ExtensibilityGlobals) = postSolution
		SolutionGuid = {461903F7-BEFC-45F6-810E-0F7C0B0397CD}
	EndGlobalSection
EndGlobal
